
Microsoft Visual Studio Solution File, Format Version 12.00
# Visual Studio Version 17
VisualStudioVersion = 17.7.34031.279
MinimumVisualStudioVersion = 10.0.40219.1
Project("{FAE04EC0-301F-11D3-BF4B-00C04F79EFBC}") = "WeekMenu", "WeekMenu\WeekMenu.csproj", "{C091C6BB-6849-47FD-A7AC-A4FA56A5D652}"
EndProject
Global
	GlobalSection(SolutionConfigurationPlatforms) = preSolution
		Debug|Any CPU = Debug|Any CPU
		Release|Any CPU = Release|Any CPU
	EndGlobalSection
	GlobalSection(ProjectConfigurationPlatforms) = postSolution
		{C091C6BB-6849-47FD-A7AC-A4FA56A5D652}.Debug|Any CPU.ActiveCfg = Debug|Any CPU
		{C091C6BB-6849-47FD-A7AC-A4FA56A5D652}.Debug|Any CPU.Build.0 = Debug|Any CPU
		{C091C6BB-6849-47FD-A7AC-A4FA56A5D652}.Release|Any CPU.ActiveCfg = Release|Any CPU
		{C091C6BB-6849-47FD-A7AC-A4FA56A5D652}.Release|Any CPU.Build.0 = Release|Any CPU
	EndGlobalSection
	GlobalSection(SolutionProperties) = preSolution
		HideSolutionNode = FALSE
	EndGlobalSection
	GlobalSection(ExtensibilityGlobals) = postSolution
		SolutionGuid = {416C7273-E489-4656-8846-61FBCFD1F66E}
	EndGlobalSection
EndGlobal
